
Microsoft Visual Studio Solution File, Format Version 12.00
# Visual Studio 2013
VisualStudioVersion = 12.0.40629.0
MinimumVisualStudioVersion = 10.0.40219.1
Project("{2150E333-8FDC-42A3-9474-1A3956D46DE8}") = "Libraries", "Libraries", "{E0D391C0-67F5-4FC7-B3B8-8AA6871E3181}"
EndProject
Project("{FAE04EC0-301F-11D3-BF4B-00C04F79EFBC}") = "Stacks.Core", "Stacks.Core\Stacks.Core.csproj", "{CC67AD58-AABD-4FA7-9BB3-13C263F7674C}"
EndProject
Global
	GlobalSection(SolutionConfigurationPlatforms) = preSolution
		Debug|Any CPU = Debug|Any CPU
		Release|Any CPU = Release|Any CPU
	EndGlobalSection
	GlobalSection(ProjectConfigurationPlatforms) = postSolution
		{CC67AD58-AABD-4FA7-9BB3-13C263F7674C}.Debug|Any CPU.ActiveCfg = Debug|Any CPU
		{CC67AD58-AABD-4FA7-9BB3-13C263F7674C}.Debug|Any CPU.Build.0 = Debug|Any CPU
		{CC67AD58-AABD-4FA7-9BB3-13C263F7674C}.Release|Any CPU.ActiveCfg = Release|Any CPU
		{CC67AD58-AABD-4FA7-9BB3-13C263F7674C}.Release|Any CPU.Build.0 = Release|Any CPU
	EndGlobalSection
	GlobalSection(SolutionProperties) = preSolution
		HideSolutionNode = FALSE
	EndGlobalSection
	GlobalSection(NestedProjects) = preSolution
		{CC67AD58-AABD-4FA7-9BB3-13C263F7674C} = {E0D391C0-67F5-4FC7-B3B8-8AA6871E3181}
	EndGlobalSection
EndGlobal
